
Microsoft Visual Studio Solution File, Format Version 12.00
# Visual Studio Version 17
VisualStudioVersion = 17.0.32014.148
MinimumVisualStudioVersion = 10.0.40219.1
Project("{FAE04EC0-301F-11D3-BF4B-00C04F79EFBC}") = "The Chaos Tombs", "The Chaos Tombs\The Chaos Tombs.csproj", "{07B4E58F-926A-4A3E-BB80-D03E4832B4F7}"
EndProject
Global
	GlobalSection(SolutionConfigurationPlatforms) = preSolution
		Debug|Any CPU = Debug|Any CPU
		Release|Any CPU = Release|Any CPU
	EndGlobalSection
	GlobalSection(ProjectConfigurationPlatforms) = postSolution
		{07B4E58F-926A-4A3E-BB80-D03E4832B4F7}.Debug|Any CPU.ActiveCfg = Debug|Any CPU
		{07B4E58F-926A-4A3E-BB80-D03E4832B4F7}.Debug|Any CPU.Build.0 = Debug|Any CPU
		{07B4E58F-926A-4A3E-BB80-D03E4832B4F7}.Release|Any CPU.ActiveCfg = Release|Any CPU
		{07B4E58F-926A-4A3E-BB80-D03E4832B4F7}.Release|Any CPU.Build.0 = Release|Any CPU
	EndGlobalSection
	GlobalSection(SolutionProperties) = preSolution
		HideSolutionNode = FALSE
	EndGlobalSection
	GlobalSection(ExtensibilityGlobals) = postSolution
		SolutionGuid = {FEA5C470-9ED8-469F-9778-1C258C8A289C}
	EndGlobalSection
EndGlobal
